# This file is generated by running "yarn install" inside your project.
# Manual changes might be lost - proceed with caution!

__metadata:
  version: 8
  cacheKey: 10c0

"@inquirer/ansi@npm:^2.0.2":
  version: 2.0.2
  resolution: "@inquirer/ansi@npm:2.0.2"
  checksum: 10c0/dd51378cbe358fb968fb5a686e88bede90930cf17ee75ea158f410dbef4ff2a108026159ee38699489c2247b29bedb8100d1f6081a8b63213aaba2ffc6ff2287
  languageName: node
  linkType: hard

"@inquirer/checkbox@npm:^5.0.3":
  version: 5.0.3
  resolution: "@inquirer/checkbox@npm:5.0.3"
  dependencies:
    "@inquirer/ansi": "npm:^2.0.2"
    "@inquirer/core": "npm:^11.1.0"
    "@inquirer/figures": "npm:^2.0.2"
    "@inquirer/type": "npm:^4.0.2"
  peerDependencies:
    "@types/node": ">=18"
  peerDependenciesMeta:
    "@types/node":
      optional: true
  checksum: 10c0/39e2fa0c9dad1fa1166d6d75a850c752232a7021c1d1872f8c6ce650c523eff076b4282c0d56aa2628361ae57e329e8192ff34637a6f89ec4e490ef1110baf10
  languageName: node
  linkType: hard

"@inquirer/confirm@npm:^6.0.3":
  version: 6.0.3
  resolution: "@inquirer/confirm@npm:6.0.3"
  dependencies:
    "@inquirer/core": "npm:^11.1.0"
    "@inquirer/type": "npm:^4.0.2"
  peerDependencies:
    "@types/node": ">=18"
  peerDependenciesMeta:
    "@types/node":
      optional: true
  checksum: 10c0/b563bba492f971306be66acefbabde9f1b1efaa70e5e54b673b08e0efa0ac80f0438e769cd36d7fa7357310d1d4b6e021820efe7eba67be5170f8df2112da956
  languageName: node
  linkType: hard

"@inquirer/core@npm:^11.1.0":
  version: 11.1.0
  resolution: "@inquirer/core@npm:11.1.0"
  dependencies:
    "@inquirer/ansi": "npm:^2.0.2"
    "@inquirer/figures": "npm:^2.0.2"
    "@inquirer/type": "npm:^4.0.2"
    cli-width: "npm:^4.1.0"
    mute-stream: "npm:^3.0.0"
    signal-exit: "npm:^4.1.0"
    wrap-ansi: "npm:^9.0.2"
  peerDependencies:
    "@types/node": ">=18"
  peerDependenciesMeta:
    "@types/node":
      optional: true
  checksum: 10c0/5bd50d751c0f0714e8ff666f6ef888c321cfbfb459cca31030f930081fb2f44833609183feaac9f25f986fd75b2cf7b87313a20f28ac040ab91936daeb8a8161
  languageName: node
  linkType: hard

"@inquirer/editor@npm:^5.0.3":
  version: 5.0.3
  resolution: "@inquirer/editor@npm:5.0.3"
  dependencies:
    "@inquirer/core": "npm:^11.1.0"
    "@inquirer/external-editor": "npm:^2.0.2"
    "@inquirer/type": "npm:^4.0.2"
  peerDependencies:
    "@types/node": ">=18"
  peerDependenciesMeta:
    "@types/node":
      optional: true
  checksum: 10c0/392f6b4341d29e2f833c4774474bdaeb5447678f9f410fa5d0473f18fb0998ee9fea177abf09e7e4b6132bb24290d71ac306c3770d254c569f722d34c52a367a
  languageName: node
  linkType: hard

"@inquirer/expand@npm:^5.0.3":
  version: 5.0.3
  resolution: "@inquirer/expand@npm:5.0.3"
  dependencies:
    "@inquirer/core": "npm:^11.1.0"
    "@inquirer/type": "npm:^4.0.2"
  peerDependencies:
    "@types/node": ">=18"
  peerDependenciesMeta:
    "@types/node":
      optional: true
  checksum: 10c0/97dc7cac0c69b50ef3be0c4a385184ae55777c1523d4c266375ad0cc5ebee7cd27a3172cadd73d7f6229d0c6361f4c55993969ba89f7b7dc0c0dcda4b172a858
  languageName: node
  linkType: hard

"@inquirer/external-editor@npm:^2.0.2":
  version: 2.0.2
  resolution: "@inquirer/external-editor@npm:2.0.2"
  dependencies:
    chardet: "npm:^2.1.1"
    iconv-lite: "npm:^0.7.0"
  peerDependencies:
    "@types/node": ">=18"
  peerDependenciesMeta:
    "@types/node":
      optional: true
  checksum: 10c0/f1f0eea821cd10ff602394f71a3ad77f31959cb86dc35716b6a9f94052f70692ed8402fc8288970c5499b5fba2cb1094c6a75d0c098fdc03afb60a3766a7a625
  languageName: node
  linkType: hard

"@inquirer/figures@npm:^2.0.2":
  version: 2.0.2
  resolution: "@inquirer/figures@npm:2.0.2"
  checksum: 10c0/12353dc765c001bc7df4d4570eaa25dba53af4553d02d231e69104e289918327ca3af3626a29885616d35e5d397fc3bfd4bbcc3e2c8d668d3064dd30c3fdf43b
  languageName: node
  linkType: hard

"@inquirer/input@npm:^5.0.3":
  version: 5.0.3
  resolution: "@inquirer/input@npm:5.0.3"
  dependencies:
    "@inquirer/core": "npm:^11.1.0"
    "@inquirer/type": "npm:^4.0.2"
  peerDependencies:
    "@types/node": ">=18"
  peerDependenciesMeta:
    "@types/node":
      optional: true
  checksum: 10c0/24f0445f951faff23fb011a4036fbeb33c279edb5965922c69f164406f719f34d9de4e70bfc74a3ec34f7cc74e341571592ff0bcf80a5dd59a6c0f0058ab95cd
  languageName: node
  linkType: hard

"@inquirer/number@npm:^4.0.3":
  version: 4.0.3
  resolution: "@inquirer/number@npm:4.0.3"
  dependencies:
    "@inquirer/core": "npm:^11.1.0"
    "@inquirer/type": "npm:^4.0.2"
  peerDependencies:
    "@types/node": ">=18"
  peerDependenciesMeta:
    "@types/node":
      optional: true
  checksum: 10c0/939f3ba543c2abf006d804d08b0ec1f305a700a00f15c93bbbdcdca28ba07095469b3008a42504d43d8697d07aec334558918e2fcb05b9d361b6c230c9e2f50c
  languageName: node
  linkType: hard

"@inquirer/password@npm:^5.0.3":
  version: 5.0.3
  resolution: "@inquirer/password@npm:5.0.3"
  dependencies:
    "@inquirer/ansi": "npm:^2.0.2"
    "@inquirer/core": "npm:^11.1.0"
    "@inquirer/type": "npm:^4.0.2"
  peerDependencies:
    "@types/node": ">=18"
  peerDependenciesMeta:
    "@types/node":
      optional: true
  checksum: 10c0/92102807addbeab0ba10c01f4cd9d6ef66d4f7cabbca294acae03153322663cdcb8b80250d21ec8c9b6996719bccb0a0aea41d03b4829a2ffc182a85ffc19180
  languageName: node
  linkType: hard

"@inquirer/prompts@npm:^8.1.0":
  version: 8.1.0
  resolution: "@inquirer/prompts@npm:8.1.0"
  dependencies:
    "@inquirer/checkbox": "npm:^5.0.3"
    "@inquirer/confirm": "npm:^6.0.3"
    "@inquirer/editor": "npm:^5.0.3"
    "@inquirer/expand": "npm:^5.0.3"
    "@inquirer/input": "npm:^5.0.3"
    "@inquirer/number": "npm:^4.0.3"
    "@inquirer/password": "npm:^5.0.3"
    "@inquirer/rawlist": "npm:^5.1.0"
    "@inquirer/search": "npm:^4.0.3"
    "@inquirer/select": "npm:^5.0.3"
  peerDependencies:
    "@types/node": ">=18"
  peerDependenciesMeta:
    "@types/node":
      optional: true
  checksum: 10c0/37744d17565c8f01109153dd5c741d8b5fbdb6bd477a714732c08e77bbeab483b36946fe79e1288fd577cfd93156c0b125d7259bd43cda0ddd811fc8e496d6ba
  languageName: node
  linkType: hard

"@inquirer/rawlist@npm:^5.1.0":
  version: 5.1.0
  resolution: "@inquirer/rawlist@npm:5.1.0"
  dependencies:
    "@inquirer/core": "npm:^11.1.0"
    "@inquirer/type": "npm:^4.0.2"
  peerDependencies:
    "@types/node": ">=18"
  peerDependenciesMeta:
    "@types/node":
      optional: true
  checksum: 10c0/e5233746488b03a342713374248e8c14032eee5df7bf02ce87e1714eed4647b865a894bc045cc7541e1778c27b2f6f424ed2a1340047987ad86d161abe70cf1e
  languageName: node
  linkType: hard

"@inquirer/search@npm:^4.0.3":
  version: 4.0.3
  resolution: "@inquirer/search@npm:4.0.3"
  dependencies:
    "@inquirer/core": "npm:^11.1.0"
    "@inquirer/figures": "npm:^2.0.2"
    "@inquirer/type": "npm:^4.0.2"
  peerDependencies:
    "@types/node": ">=18"
  peerDependenciesMeta:
    "@types/node":
      optional: true
  checksum: 10c0/22b4b680ef2864604f4eec1b5060973340c3a644eed494ce78c7336f209412936ec2c2c4e0fa7f713f73689111a33a7b8e1582d574fc2e62f31bea2dd5bc14ce
  languageName: node
  linkType: hard

"@inquirer/select@npm:^5.0.3":
  version: 5.0.3
  resolution: "@inquirer/select@npm:5.0.3"
  dependencies:
    "@inquirer/ansi": "npm:^2.0.2"
    "@inquirer/core": "npm:^11.1.0"
    "@inquirer/figures": "npm:^2.0.2"
    "@inquirer/type": "npm:^4.0.2"
  peerDependencies:
    "@types/node": ">=18"
  peerDependenciesMeta:
    "@types/node":
      optional: true
  checksum: 10c0/cc2bd79ac09d1693a962b661ab07db49809a9ef280ce2f26f5fc2fe037a423837b9e7ce2b014048959d9c9c1500ec22d52267857ddbea53a84da09e2d4fbd755
  languageName: node
  linkType: hard

"@inquirer/type@npm:^4.0.2":
  version: 4.0.2
  resolution: "@inquirer/type@npm:4.0.2"
  peerDependencies:
    "@types/node": ">=18"
  peerDependenciesMeta:
    "@types/node":
      optional: true
  checksum: 10c0/cebf454dbed948809025d64807e60e333df6b9c8eac1090a1c4c07e51a9a03ffbe295ebb723ce1029cf28e66a1c6822e8290702dec006170cce4ff39264316f5
  languageName: node
  linkType: hard

"@types/node@npm:^22.19.3":
  version: 22.19.3
  resolution: "@types/node@npm:22.19.3"
  dependencies:
    undici-types: "npm:~6.21.0"
  checksum: 10c0/a30a75d503da795ddbd5f8851014f3e91925c2a63fa3f14128d54c998f25d682dfba96dc9589c73cf478b87a16d88beb790b11697bb8cd5bee913079237a58f2
  languageName: node
  linkType: hard

"ansi-regex@npm:^6.0.1":
  version: 6.2.2
  resolution: "ansi-regex@npm:6.2.2"
  checksum: 10c0/05d4acb1d2f59ab2cf4b794339c7b168890d44dda4bf0ce01152a8da0213aca207802f930442ce8cd22d7a92f44907664aac6508904e75e038fa944d2601b30f
  languageName: node
  linkType: hard

"ansi-styles@npm:^6.2.1":
  version: 6.2.3
  resolution: "ansi-styles@npm:6.2.3"
  checksum: 10c0/23b8a4ce14e18fb854693b95351e286b771d23d8844057ed2e7d083cd3e708376c3323707ec6a24365f7d7eda3ca00327fe04092e29e551499ec4c8b7bfac868
  languageName: node
  linkType: hard

"chardet@npm:^2.1.1":
  version: 2.1.1
  resolution: "chardet@npm:2.1.1"
  checksum: 10c0/d8391dd412338442b3de0d3a488aa9327f8bcf74b62b8723d6bd0b85c4084d50b731320e0a7c710edb1d44de75969995d2784b80e4c13b004a6c7a0db4c6e793
  languageName: node
  linkType: hard

"cli-width@npm:^4.1.0":
  version: 4.1.0
  resolution: "cli-width@npm:4.1.0"
  checksum: 10c0/1fbd56413578f6117abcaf858903ba1f4ad78370a4032f916745fa2c7e390183a9d9029cf837df320b0fdce8137668e522f60a30a5f3d6529ff3872d265a955f
  languageName: node
  linkType: hard

"emoji-regex@npm:^10.3.0":
  version: 10.6.0
  resolution: "emoji-regex@npm:10.6.0"
  checksum: 10c0/1e4aa097bb007301c3b4b1913879ae27327fdc48e93eeefefe3b87e495eb33c5af155300be951b4349ff6ac084f4403dc9eff970acba7c1c572d89396a9a32d7
  languageName: node
  linkType: hard

"get-east-asian-width@npm:^1.0.0":
  version: 1.4.0
  resolution: "get-east-asian-width@npm:1.4.0"
  checksum: 10c0/4e481d418e5a32061c36fbb90d1b225a254cc5b2df5f0b25da215dcd335a3c111f0c2023ffda43140727a9cafb62dac41d022da82c08f31083ee89f714ee3b83
  languageName: node
  linkType: hard

"iconv-lite@npm:^0.7.0":
  version: 0.7.1
  resolution: "iconv-lite@npm:0.7.1"
  dependencies:
    safer-buffer: "npm:>= 2.1.2 < 3.0.0"
  checksum: 10c0/f5c9e2bddd7101a71b07a381ace44ebdc65ca76a10be0e9e64d372b511132acc4ee41b830962f438840d492cd6f9e08c237289f760d6a7fed754e61cffcb6757
  languageName: node
  linkType: hard

"mute-stream@npm:^3.0.0":
  version: 3.0.0
  resolution: "mute-stream@npm:3.0.0"
  checksum: 10c0/12cdb36a101694c7a6b296632e6d93a30b74401873cf7507c88861441a090c71c77a58f213acadad03bc0c8fa186639dec99d68a14497773a8744320c136e701
  languageName: node
  linkType: hard

"safer-buffer@npm:>= 2.1.2 < 3.0.0":
  version: 2.1.2
  resolution: "safer-buffer@npm:2.1.2"
  checksum: 10c0/7e3c8b2e88a1841c9671094bbaeebd94448111dd90a81a1f606f3f67708a6ec57763b3b47f06da09fc6054193e0e6709e77325415dc8422b04497a8070fa02d4
  languageName: node
  linkType: hard

"semver@npm:^7.7.3":
  version: 7.7.3
  resolution: "semver@npm:7.7.3"
  bin:
    semver: bin/semver.js
  checksum: 10c0/4afe5c986567db82f44c8c6faef8fe9df2a9b1d98098fc1721f57c696c4c21cebd572f297fc21002f81889492345b8470473bc6f4aff5fb032a6ea59ea2bc45e
  languageName: node
  linkType: hard

"signal-exit@npm:^4.1.0":
  version: 4.1.0
  resolution: "signal-exit@npm:4.1.0"
  checksum: 10c0/41602dce540e46d599edba9d9860193398d135f7ff72cab629db5171516cfae628d21e7bfccde1bbfdf11c48726bc2a6d1a8fb8701125852fbfda7cf19c6aa83
  languageName: node
  linkType: hard

"string-width@npm:^7.0.0":
  version: 7.2.0
  resolution: "string-width@npm:7.2.0"
  dependencies:
    emoji-regex: "npm:^10.3.0"
    get-east-asian-width: "npm:^1.0.0"
    strip-ansi: "npm:^7.1.0"
  checksum: 10c0/eb0430dd43f3199c7a46dcbf7a0b34539c76fe3aa62763d0b0655acdcbdf360b3f66f3d58ca25ba0205f42ea3491fa00f09426d3b7d3040e506878fc7664c9b9
  languageName: node
  linkType: hard

"strip-ansi@npm:^7.1.0":
  version: 7.1.2
  resolution: "strip-ansi@npm:7.1.2"
  dependencies:
    ansi-regex: "npm:^6.0.1"
  checksum: 10c0/0d6d7a023de33368fd042aab0bf48f4f4077abdfd60e5393e73c7c411e85e1b3a83507c11af2e656188511475776215df9ca589b4da2295c9455cc399ce1858b
  languageName: node
  linkType: hard

"undici-types@npm:~6.21.0":
  version: 6.21.0
  resolution: "undici-types@npm:6.21.0"
  checksum: 10c0/c01ed51829b10aa72fc3ce64b747f8e74ae9b60eafa19a7b46ef624403508a54c526ffab06a14a26b3120d055e1104d7abe7c9017e83ced038ea5cf52f8d5e04
  languageName: node
  linkType: hard

"update-prompt@workspace:.":
  version: 0.0.0-use.local
  resolution: "update-prompt@workspace:."
  dependencies:
    "@inquirer/prompts": "npm:^8.1.0"
    "@types/node": "npm:^22.19.3"
    semver: "npm:^7.7.3"
  languageName: unknown
  linkType: soft

"wrap-ansi@npm:^9.0.2":
  version: 9.0.2
  resolution: "wrap-ansi@npm:9.0.2"
  dependencies:
    ansi-styles: "npm:^6.2.1"
    string-width: "npm:^7.0.0"
    strip-ansi: "npm:^7.1.0"
  checksum: 10c0/3305839b9a0d6fb930cb63a52f34d3936013d8b0682ff3ec133c9826512620f213800ffa19ea22904876d5b7e9a3c1f40682f03597d986a4ca881fa7b033688c
  languageName: node
  linkType: hard
