# This file is generated by running "yarn install" inside your project.
# Manual changes might be lost - proceed with caution!

__metadata:
  version: 8
  cacheKey: 10c0

"@inquirer/checkbox@npm:^4.2.2":
  version: 4.2.2
  resolution: "@inquirer/checkbox@npm:4.2.2"
  dependencies:
    "@inquirer/core": "npm:^10.2.0"
    "@inquirer/figures": "npm:^1.0.13"
    "@inquirer/type": "npm:^3.0.8"
    ansi-escapes: "npm:^4.3.2"
    yoctocolors-cjs: "npm:^2.1.2"
  peerDependencies:
    "@types/node": ">=18"
  peerDependenciesMeta:
    "@types/node":
      optional: true
  checksum: 10c0/d5861d1e6c18ce263b2d88da5c8071857e65e5815409b062919fcfc489598615ccc7df1d32c7348dc2587aed2053ee045cf770612a73ef8a0b08374f969ed388
  languageName: node
  linkType: hard

"@inquirer/confirm@npm:^5.1.16":
  version: 5.1.16
  resolution: "@inquirer/confirm@npm:5.1.16"
  dependencies:
    "@inquirer/core": "npm:^10.2.0"
    "@inquirer/type": "npm:^3.0.8"
  peerDependencies:
    "@types/node": ">=18"
  peerDependenciesMeta:
    "@types/node":
      optional: true
  checksum: 10c0/9a54171554404bfc89f2a065bb89282ca7cc69046956943e348c29a6a7c4d263dfbcbb46ad115aef616866083eb42130d05424a4a8ef3b30777a912e7ae20fec
  languageName: node
  linkType: hard

"@inquirer/core@npm:^10.2.0":
  version: 10.2.0
  resolution: "@inquirer/core@npm:10.2.0"
  dependencies:
    "@inquirer/figures": "npm:^1.0.13"
    "@inquirer/type": "npm:^3.0.8"
    ansi-escapes: "npm:^4.3.2"
    cli-width: "npm:^4.1.0"
    mute-stream: "npm:^2.0.0"
    signal-exit: "npm:^4.1.0"
    wrap-ansi: "npm:^6.2.0"
    yoctocolors-cjs: "npm:^2.1.2"
  peerDependencies:
    "@types/node": ">=18"
  peerDependenciesMeta:
    "@types/node":
      optional: true
  checksum: 10c0/6dc93634dc6005bb7c58522cd80bbf8fb5f756f104445a1916ed7a00dad99e10165a559f5b13e6d141ae744dbe4a5b9e405e10c5986ef7859988de191b3b71f3
  languageName: node
  linkType: hard

"@inquirer/editor@npm:^4.2.18":
  version: 4.2.18
  resolution: "@inquirer/editor@npm:4.2.18"
  dependencies:
    "@inquirer/core": "npm:^10.2.0"
    "@inquirer/external-editor": "npm:^1.0.1"
    "@inquirer/type": "npm:^3.0.8"
  peerDependencies:
    "@types/node": ">=18"
  peerDependenciesMeta:
    "@types/node":
      optional: true
  checksum: 10c0/a8b48bc692a566cbbf6c3ea3d095d26bef14abfba631958f61cea85b54bcd7a4dbd7aa164a4752f48d7317340ebe126ac4ef6593b12ad6b3b729d4ec99df1fc1
  languageName: node
  linkType: hard

"@inquirer/expand@npm:^4.0.18":
  version: 4.0.18
  resolution: "@inquirer/expand@npm:4.0.18"
  dependencies:
    "@inquirer/core": "npm:^10.2.0"
    "@inquirer/type": "npm:^3.0.8"
    yoctocolors-cjs: "npm:^2.1.2"
  peerDependencies:
    "@types/node": ">=18"
  peerDependenciesMeta:
    "@types/node":
      optional: true
  checksum: 10c0/9fe1daef1efefdc4760bfe0317e0a765a8defe2f9453230938886ea06abd65c6a7a3eb72dc90ba5bbb82709f6703a271b8f7bb97283b825763a4cd1f68efb8a8
  languageName: node
  linkType: hard

"@inquirer/external-editor@npm:^1.0.1":
  version: 1.0.1
  resolution: "@inquirer/external-editor@npm:1.0.1"
  dependencies:
    chardet: "npm:^2.1.0"
    iconv-lite: "npm:^0.6.3"
  peerDependencies:
    "@types/node": ">=18"
  peerDependenciesMeta:
    "@types/node":
      optional: true
  checksum: 10c0/bdac4395e0bba7065d39b141d618bfc06369f246c402c511396a5238baf2657f3038ccba8438521a49e5cb602f4302b9d1f46b52b647b27af2c9911720022118
  languageName: node
  linkType: hard

"@inquirer/figures@npm:^1.0.13":
  version: 1.0.13
  resolution: "@inquirer/figures@npm:1.0.13"
  checksum: 10c0/23700a4a0627963af5f51ef4108c338ae77bdd90393164b3fdc79a378586e1f5531259882b7084c690167bf5a36e83033e45aca0321570ba810890abe111014f
  languageName: node
  linkType: hard

"@inquirer/input@npm:^4.2.2":
  version: 4.2.2
  resolution: "@inquirer/input@npm:4.2.2"
  dependencies:
    "@inquirer/core": "npm:^10.2.0"
    "@inquirer/type": "npm:^3.0.8"
  peerDependencies:
    "@types/node": ">=18"
  peerDependenciesMeta:
    "@types/node":
      optional: true
  checksum: 10c0/7d8f202eb0e970841005026634596ffdb3b68a9c6b599841ad46b25841e277d2950582e5eeddd69b168d7ef52631cf15782922844731d01d3808a018461d8f98
  languageName: node
  linkType: hard

"@inquirer/number@npm:^3.0.18":
  version: 3.0.18
  resolution: "@inquirer/number@npm:3.0.18"
  dependencies:
    "@inquirer/core": "npm:^10.2.0"
    "@inquirer/type": "npm:^3.0.8"
  peerDependencies:
    "@types/node": ">=18"
  peerDependenciesMeta:
    "@types/node":
      optional: true
  checksum: 10c0/dbaead7813bba1978ef429eb485bb02e55e9047194f2337313592546b4504b06ea18b37919e23ea53388f5314dc96ea038e4599c7f396344910b17b3d9a159cb
  languageName: node
  linkType: hard

"@inquirer/password@npm:^4.0.18":
  version: 4.0.18
  resolution: "@inquirer/password@npm:4.0.18"
  dependencies:
    "@inquirer/core": "npm:^10.2.0"
    "@inquirer/type": "npm:^3.0.8"
    ansi-escapes: "npm:^4.3.2"
  peerDependencies:
    "@types/node": ">=18"
  peerDependenciesMeta:
    "@types/node":
      optional: true
  checksum: 10c0/7d05940633f74d1fa3850884ce71b32c3790bc421439cd77366553df39ec910f64dcdb2084776ee9d9a10d248390801700113ca3d8b0b02b1517531109798814
  languageName: node
  linkType: hard

"@inquirer/prompts@npm:^7.8.4":
  version: 7.8.4
  resolution: "@inquirer/prompts@npm:7.8.4"
  dependencies:
    "@inquirer/checkbox": "npm:^4.2.2"
    "@inquirer/confirm": "npm:^5.1.16"
    "@inquirer/editor": "npm:^4.2.18"
    "@inquirer/expand": "npm:^4.0.18"
    "@inquirer/input": "npm:^4.2.2"
    "@inquirer/number": "npm:^3.0.18"
    "@inquirer/password": "npm:^4.0.18"
    "@inquirer/rawlist": "npm:^4.1.6"
    "@inquirer/search": "npm:^3.1.1"
    "@inquirer/select": "npm:^4.3.2"
  peerDependencies:
    "@types/node": ">=18"
  peerDependenciesMeta:
    "@types/node":
      optional: true
  checksum: 10c0/bf04aa108eeed602287eda26c646b6407cdd2db3d4a2175d1e88f1325987b5aeb7741af3f2ad82035811d74efa5c561d78ec642423060723d93b2275e669f0bb
  languageName: node
  linkType: hard

"@inquirer/rawlist@npm:^4.1.6":
  version: 4.1.6
  resolution: "@inquirer/rawlist@npm:4.1.6"
  dependencies:
    "@inquirer/core": "npm:^10.2.0"
    "@inquirer/type": "npm:^3.0.8"
    yoctocolors-cjs: "npm:^2.1.2"
  peerDependencies:
    "@types/node": ">=18"
  peerDependenciesMeta:
    "@types/node":
      optional: true
  checksum: 10c0/0589a3098de545cf83450b2ce59623865e06e435a773240a5f6f47c20602a13ea3e9bf85849f39e57335e4faace510182c0251e88de0a3cc8d23b4f2270772e3
  languageName: node
  linkType: hard

"@inquirer/search@npm:^3.1.1":
  version: 3.1.1
  resolution: "@inquirer/search@npm:3.1.1"
  dependencies:
    "@inquirer/core": "npm:^10.2.0"
    "@inquirer/figures": "npm:^1.0.13"
    "@inquirer/type": "npm:^3.0.8"
    yoctocolors-cjs: "npm:^2.1.2"
  peerDependencies:
    "@types/node": ">=18"
  peerDependenciesMeta:
    "@types/node":
      optional: true
  checksum: 10c0/31f5e74d200f1c40b47099ebb74f5138b0900c99afe1b98b4a3d60e286cd8ca062ed5a68a5d1394cb6b8584cac2931f2b584241cf39dc34b83dc4ce8eb7daddd
  languageName: node
  linkType: hard

"@inquirer/select@npm:^4.3.2":
  version: 4.3.2
  resolution: "@inquirer/select@npm:4.3.2"
  dependencies:
    "@inquirer/core": "npm:^10.2.0"
    "@inquirer/figures": "npm:^1.0.13"
    "@inquirer/type": "npm:^3.0.8"
    ansi-escapes: "npm:^4.3.2"
    yoctocolors-cjs: "npm:^2.1.2"
  peerDependencies:
    "@types/node": ">=18"
  peerDependenciesMeta:
    "@types/node":
      optional: true
  checksum: 10c0/48aaec29e21fd19b9b3045ad01d7fbe46aa9ac828adc5b8e5b8e5055daad47e0d1134cde40281e9e639bd963c30756ca729c20fcb629e3053ac411020cf4bc78
  languageName: node
  linkType: hard

"@inquirer/type@npm:^3.0.8":
  version: 3.0.8
  resolution: "@inquirer/type@npm:3.0.8"
  peerDependencies:
    "@types/node": ">=18"
  peerDependenciesMeta:
    "@types/node":
      optional: true
  checksum: 10c0/1171bffb9ea0018b12ec4f46a7b485f7e2a328e620e89f3b03f2be8c25889e5b9e62daca3ea10ed040a71d847066c4d9879dc1fea8aa5690ebbc968d3254a5ac
  languageName: node
  linkType: hard

"@types/node@npm:^22.18.0":
  version: 22.18.0
  resolution: "@types/node@npm:22.18.0"
  dependencies:
    undici-types: "npm:~6.21.0"
  checksum: 10c0/02cce4493eee8408e66e76fcad164f33c0600ed0854ad08e5519a76a06402da5b589b278cf71bc975c9e014f2668bdf758bc3be7fed63bdbfd0900495372797c
  languageName: node
  linkType: hard

"ansi-escapes@npm:^4.3.2":
  version: 4.3.2
  resolution: "ansi-escapes@npm:4.3.2"
  dependencies:
    type-fest: "npm:^0.21.3"
  checksum: 10c0/da917be01871525a3dfcf925ae2977bc59e8c513d4423368645634bf5d4ceba5401574eb705c1e92b79f7292af5a656f78c5725a4b0e1cec97c4b413705c1d50
  languageName: node
  linkType: hard

"ansi-regex@npm:^5.0.1":
  version: 5.0.1
  resolution: "ansi-regex@npm:5.0.1"
  checksum: 10c0/9a64bb8627b434ba9327b60c027742e5d17ac69277960d041898596271d992d4d52ba7267a63ca10232e29f6107fc8a835f6ce8d719b88c5f8493f8254813737
  languageName: node
  linkType: hard

"ansi-styles@npm:^4.0.0":
  version: 4.3.0
  resolution: "ansi-styles@npm:4.3.0"
  dependencies:
    color-convert: "npm:^2.0.1"
  checksum: 10c0/895a23929da416f2bd3de7e9cb4eabd340949328ab85ddd6e484a637d8f6820d485f53933446f5291c3b760cbc488beb8e88573dd0f9c7daf83dccc8fe81b041
  languageName: node
  linkType: hard

"chardet@npm:^2.1.0":
  version: 2.1.0
  resolution: "chardet@npm:2.1.0"
  checksum: 10c0/d1b03e47371851ed72741a898281d58f8a9b577aeea6fdfa75a86832898b36c550b3ad057e66d50d774a9cebd9f56c66b6880e4fe75e387794538ba7565b0b6f
  languageName: node
  linkType: hard

"cli-width@npm:^4.1.0":
  version: 4.1.0
  resolution: "cli-width@npm:4.1.0"
  checksum: 10c0/1fbd56413578f6117abcaf858903ba1f4ad78370a4032f916745fa2c7e390183a9d9029cf837df320b0fdce8137668e522f60a30a5f3d6529ff3872d265a955f
  languageName: node
  linkType: hard

"color-convert@npm:^2.0.1":
  version: 2.0.1
  resolution: "color-convert@npm:2.0.1"
  dependencies:
    color-name: "npm:~1.1.4"
  checksum: 10c0/37e1150172f2e311fe1b2df62c6293a342ee7380da7b9cfdba67ea539909afbd74da27033208d01d6d5cfc65ee7868a22e18d7e7648e004425441c0f8a15a7d7
  languageName: node
  linkType: hard

"color-name@npm:~1.1.4":
  version: 1.1.4
  resolution: "color-name@npm:1.1.4"
  checksum: 10c0/a1a3f914156960902f46f7f56bc62effc6c94e84b2cae157a526b1c1f74b677a47ec602bf68a61abfa2b42d15b7c5651c6dbe72a43af720bc588dff885b10f95
  languageName: node
  linkType: hard

"emoji-regex@npm:^8.0.0":
  version: 8.0.0
  resolution: "emoji-regex@npm:8.0.0"
  checksum: 10c0/b6053ad39951c4cf338f9092d7bfba448cdfd46fe6a2a034700b149ac9ffbc137e361cbd3c442297f86bed2e5f7576c1b54cc0a6bf8ef5106cc62f496af35010
  languageName: node
  linkType: hard

"iconv-lite@npm:^0.6.3":
  version: 0.6.3
  resolution: "iconv-lite@npm:0.6.3"
  dependencies:
    safer-buffer: "npm:>= 2.1.2 < 3.0.0"
  checksum: 10c0/98102bc66b33fcf5ac044099d1257ba0b7ad5e3ccd3221f34dd508ab4070edff183276221684e1e0555b145fce0850c9f7d2b60a9fcac50fbb4ea0d6e845a3b1
  languageName: node
  linkType: hard

"inquirer@npm:^12.9.4":
  version: 12.9.4
  resolution: "inquirer@npm:12.9.4"
  dependencies:
    "@inquirer/core": "npm:^10.2.0"
    "@inquirer/prompts": "npm:^7.8.4"
    "@inquirer/type": "npm:^3.0.8"
    ansi-escapes: "npm:^4.3.2"
    mute-stream: "npm:^2.0.0"
    run-async: "npm:^4.0.5"
    rxjs: "npm:^7.8.2"
  peerDependencies:
    "@types/node": ">=18"
  peerDependenciesMeta:
    "@types/node":
      optional: true
  checksum: 10c0/18f36bd076020fc5a9369888ba02e41308e33badb6b34b464ff9431dcb31b100d76472c4d4973c410cba23b50602fcd91f9482e57ae630a7645f15a41b3de30e
  languageName: node
  linkType: hard

"is-fullwidth-code-point@npm:^3.0.0":
  version: 3.0.0
  resolution: "is-fullwidth-code-point@npm:3.0.0"
  checksum: 10c0/bb11d825e049f38e04c06373a8d72782eee0205bda9d908cc550ccb3c59b99d750ff9537982e01733c1c94a58e35400661f57042158ff5e8f3e90cf936daf0fc
  languageName: node
  linkType: hard

"mute-stream@npm:^2.0.0":
  version: 2.0.0
  resolution: "mute-stream@npm:2.0.0"
  checksum: 10c0/2cf48a2087175c60c8dcdbc619908b49c07f7adcfc37d29236b0c5c612d6204f789104c98cc44d38acab7b3c96f4a3ec2cfdc4934d0738d876dbefa2a12c69f4
  languageName: node
  linkType: hard

"run-async@npm:^4.0.5":
  version: 4.0.6
  resolution: "run-async@npm:4.0.6"
  checksum: 10c0/3e512c689d356238a06a59839deddeb09aec23bc66f780fe970fcf12b64bfc00c6880e9530ea22b8cf88a927145561f5a43343d8be87166e849ec0daaa3d4cf4
  languageName: node
  linkType: hard

"rxjs@npm:^7.8.2":
  version: 7.8.2
  resolution: "rxjs@npm:7.8.2"
  dependencies:
    tslib: "npm:^2.1.0"
  checksum: 10c0/1fcd33d2066ada98ba8f21fcbbcaee9f0b271de1d38dc7f4e256bfbc6ffcdde68c8bfb69093de7eeb46f24b1fb820620bf0223706cff26b4ab99a7ff7b2e2c45
  languageName: node
  linkType: hard

"safer-buffer@npm:>= 2.1.2 < 3.0.0":
  version: 2.1.2
  resolution: "safer-buffer@npm:2.1.2"
  checksum: 10c0/7e3c8b2e88a1841c9671094bbaeebd94448111dd90a81a1f606f3f67708a6ec57763b3b47f06da09fc6054193e0e6709e77325415dc8422b04497a8070fa02d4
  languageName: node
  linkType: hard

"semver@npm:^7.7.2":
  version: 7.7.2
  resolution: "semver@npm:7.7.2"
  bin:
    semver: bin/semver.js
  checksum: 10c0/aca305edfbf2383c22571cb7714f48cadc7ac95371b4b52362fb8eeffdfbc0de0669368b82b2b15978f8848f01d7114da65697e56cd8c37b0dab8c58e543f9ea
  languageName: node
  linkType: hard

"signal-exit@npm:^4.1.0":
  version: 4.1.0
  resolution: "signal-exit@npm:4.1.0"
  checksum: 10c0/41602dce540e46d599edba9d9860193398d135f7ff72cab629db5171516cfae628d21e7bfccde1bbfdf11c48726bc2a6d1a8fb8701125852fbfda7cf19c6aa83
  languageName: node
  linkType: hard

"string-width@npm:^4.1.0":
  version: 4.2.3
  resolution: "string-width@npm:4.2.3"
  dependencies:
    emoji-regex: "npm:^8.0.0"
    is-fullwidth-code-point: "npm:^3.0.0"
    strip-ansi: "npm:^6.0.1"
  checksum: 10c0/1e525e92e5eae0afd7454086eed9c818ee84374bb80328fc41217ae72ff5f065ef1c9d7f72da41de40c75fa8bb3dee63d92373fd492c84260a552c636392a47b
  languageName: node
  linkType: hard

"strip-ansi@npm:^6.0.0, strip-ansi@npm:^6.0.1":
  version: 6.0.1
  resolution: "strip-ansi@npm:6.0.1"
  dependencies:
    ansi-regex: "npm:^5.0.1"
  checksum: 10c0/1ae5f212a126fe5b167707f716942490e3933085a5ff6c008ab97ab2f272c8025d3aa218b7bd6ab25729ca20cc81cddb252102f8751e13482a5199e873680952
  languageName: node
  linkType: hard

"tslib@npm:^2.1.0":
  version: 2.6.2
  resolution: "tslib@npm:2.6.2"
  checksum: 10c0/e03a8a4271152c8b26604ed45535954c0a45296e32445b4b87f8a5abdb2421f40b59b4ca437c4346af0f28179780d604094eb64546bee2019d903d01c6c19bdb
  languageName: node
  linkType: hard

"type-fest@npm:^0.21.3":
  version: 0.21.3
  resolution: "type-fest@npm:0.21.3"
  checksum: 10c0/902bd57bfa30d51d4779b641c2bc403cdf1371fb9c91d3c058b0133694fcfdb817aef07a47f40faf79039eecbaa39ee9d3c532deff244f3a19ce68cea71a61e8
  languageName: node
  linkType: hard

"undici-types@npm:~6.21.0":
  version: 6.21.0
  resolution: "undici-types@npm:6.21.0"
  checksum: 10c0/c01ed51829b10aa72fc3ce64b747f8e74ae9b60eafa19a7b46ef624403508a54c526ffab06a14a26b3120d055e1104d7abe7c9017e83ced038ea5cf52f8d5e04
  languageName: node
  linkType: hard

"undici@npm:^6.21.3":
  version: 6.21.3
  resolution: "undici@npm:6.21.3"
  checksum: 10c0/294da109853fad7a6ef5a172ad0ca3fb3f1f60cf34703d062a5ec967daf69ad8c03b52e6d536c5cba3bb65615769bf08e5b30798915cbccdddaca01045173dda
  languageName: node
  linkType: hard

"update-prompt@workspace:.":
  version: 0.0.0-use.local
  resolution: "update-prompt@workspace:."
  dependencies:
    "@types/node": "npm:^22.18.0"
    inquirer: "npm:^12.9.4"
    semver: "npm:^7.7.2"
    undici: "npm:^6.21.3"
  languageName: unknown
  linkType: soft

"wrap-ansi@npm:^6.2.0":
  version: 6.2.0
  resolution: "wrap-ansi@npm:6.2.0"
  dependencies:
    ansi-styles: "npm:^4.0.0"
    string-width: "npm:^4.1.0"
    strip-ansi: "npm:^6.0.0"
  checksum: 10c0/baad244e6e33335ea24e86e51868fe6823626e3a3c88d9a6674642afff1d34d9a154c917e74af8d845fd25d170c4ea9cf69a47133c3f3656e1252b3d462d9f6c
  languageName: node
  linkType: hard

"yoctocolors-cjs@npm:^2.1.2":
  version: 2.1.2
  resolution: "yoctocolors-cjs@npm:2.1.2"
  checksum: 10c0/a0e36eb88fea2c7981eab22d1ba45e15d8d268626e6c4143305e2c1628fa17ebfaa40cd306161a8ce04c0a60ee0262058eab12567493d5eb1409780853454c6f
  languageName: node
  linkType: hard
