# This file is generated by running "yarn install" inside your project.
# Manual changes might be lost - proceed with caution!

__metadata:
  version: 9
  cacheKey: 10c0

"@inquirer/ansi@npm:^2.0.5":
  version: 2.0.5
  resolution: "@inquirer/ansi@npm:2.0.5"
  checksum: 10c0/ad61532e5bb47473e3d987c32d4015499a8ce5f4f86e46467e8e672fc52670beb303905d6b324e453935a61671f59f3b9b1b6a1edbbe1f64085e2bb87735e295
  languageName: node
  linkType: hard

"@inquirer/checkbox@npm:^5.1.4":
  version: 5.1.4
  resolution: "@inquirer/checkbox@npm:5.1.4"
  dependencies:
    "@inquirer/ansi": "npm:^2.0.5"
    "@inquirer/core": "npm:^11.1.9"
    "@inquirer/figures": "npm:^2.0.5"
    "@inquirer/type": "npm:^4.0.5"
  peerDependencies:
    "@types/node": ">=18"
  peerDependenciesMeta:
    "@types/node":
      optional: true
  checksum: 10c0/38d6c8b49c392307c29fbb252d5dd09a819aecc34c83f01a7652efa09d7b8b901c448216496eda3962e319209243297ec575eff4e081a758bb08adb805f7e3d4
  languageName: node
  linkType: hard

"@inquirer/confirm@npm:^6.0.12":
  version: 6.0.12
  resolution: "@inquirer/confirm@npm:6.0.12"
  dependencies:
    "@inquirer/core": "npm:^11.1.9"
    "@inquirer/type": "npm:^4.0.5"
  peerDependencies:
    "@types/node": ">=18"
  peerDependenciesMeta:
    "@types/node":
      optional: true
  checksum: 10c0/36e9b1ef60e08562f07bcbcd78ba0a681b2fa3e5f54fa5e12303fc5982e8ba875ed782c24161e2295028b2b404ba690e841837303d16eeeb28df7aa9eb8aa835
  languageName: node
  linkType: hard

"@inquirer/core@npm:^11.1.9":
  version: 11.1.9
  resolution: "@inquirer/core@npm:11.1.9"
  dependencies:
    "@inquirer/ansi": "npm:^2.0.5"
    "@inquirer/figures": "npm:^2.0.5"
    "@inquirer/type": "npm:^4.0.5"
    cli-width: "npm:^4.1.0"
    fast-wrap-ansi: "npm:^0.2.0"
    mute-stream: "npm:^3.0.0"
    signal-exit: "npm:^4.1.0"
  peerDependencies:
    "@types/node": ">=18"
  peerDependenciesMeta:
    "@types/node":
      optional: true
  checksum: 10c0/f7b162ce5f67fb75aab00a3668fdd8c8629aec790087840ea66ee8ead6009ab2066bec9cbf5bcc394ccdf130e6139051d6bace334b3a66c4f05349585213172c
  languageName: node
  linkType: hard

"@inquirer/editor@npm:^5.1.1":
  version: 5.1.1
  resolution: "@inquirer/editor@npm:5.1.1"
  dependencies:
    "@inquirer/core": "npm:^11.1.9"
    "@inquirer/external-editor": "npm:^3.0.0"
    "@inquirer/type": "npm:^4.0.5"
  peerDependencies:
    "@types/node": ">=18"
  peerDependenciesMeta:
    "@types/node":
      optional: true
  checksum: 10c0/d9506fc4d16362ee060df0c8aa722ee85eae79e0be373253ecc49d0f51569f886bf0d09da9ae9910e3d5f79dca10767a5c1711c799af41c668b2a97866470221
  languageName: node
  linkType: hard

"@inquirer/expand@npm:^5.0.13":
  version: 5.0.13
  resolution: "@inquirer/expand@npm:5.0.13"
  dependencies:
    "@inquirer/core": "npm:^11.1.9"
    "@inquirer/type": "npm:^4.0.5"
  peerDependencies:
    "@types/node": ">=18"
  peerDependenciesMeta:
    "@types/node":
      optional: true
  checksum: 10c0/108055f24dc4348a4981003003ca41fe793c7b3292ff80f583a1e1f1097bee64a0c2e5795cae969bcf77d4f34f03a3feeaa6315363eb01554f1c1eae6769c9f5
  languageName: node
  linkType: hard

"@inquirer/external-editor@npm:^3.0.0":
  version: 3.0.0
  resolution: "@inquirer/external-editor@npm:3.0.0"
  dependencies:
    chardet: "npm:^2.1.1"
    iconv-lite: "npm:^0.7.2"
  peerDependencies:
    "@types/node": ">=18"
  peerDependenciesMeta:
    "@types/node":
      optional: true
  checksum: 10c0/120910c954869c73c54aee825abef6f4c4aa8620cafa831d56b218586b1ee02c12ad0a17b8d701784fb9d33fa8fd63ee155d9c718c90533ff4d8086b99986e1d
  languageName: node
  linkType: hard

"@inquirer/figures@npm:^2.0.5":
  version: 2.0.5
  resolution: "@inquirer/figures@npm:2.0.5"
  checksum: 10c0/139671b88f33f059aec85ed3fdf464999115573350c6dea61141adc1cfd43d14742b6cb68150c2ca9baf5a1bae618f990ed89b4430ae768d415bbd19944c56df
  languageName: node
  linkType: hard

"@inquirer/input@npm:^5.0.12":
  version: 5.0.12
  resolution: "@inquirer/input@npm:5.0.12"
  dependencies:
    "@inquirer/core": "npm:^11.1.9"
    "@inquirer/type": "npm:^4.0.5"
  peerDependencies:
    "@types/node": ">=18"
  peerDependenciesMeta:
    "@types/node":
      optional: true
  checksum: 10c0/bb8273925c774bc5dffd93d6edc9e24391ab03c3ddd0c604987abbb74a7efcf03ca10b3bd0607ccf6613369e004417b14cf3c031327601118cff2cc98c5098e6
  languageName: node
  linkType: hard

"@inquirer/number@npm:^4.0.12":
  version: 4.0.12
  resolution: "@inquirer/number@npm:4.0.12"
  dependencies:
    "@inquirer/core": "npm:^11.1.9"
    "@inquirer/type": "npm:^4.0.5"
  peerDependencies:
    "@types/node": ">=18"
  peerDependenciesMeta:
    "@types/node":
      optional: true
  checksum: 10c0/e933967d9879792775d4ac8f4abcc9c2f263107a1e3c1cdd5ce85dd446a03bed2f6cb01c41ed1a3b45b80f385eb3a991d1442703d9816416c79c0ca6f20e57f3
  languageName: node
  linkType: hard

"@inquirer/password@npm:^5.0.12":
  version: 5.0.12
  resolution: "@inquirer/password@npm:5.0.12"
  dependencies:
    "@inquirer/ansi": "npm:^2.0.5"
    "@inquirer/core": "npm:^11.1.9"
    "@inquirer/type": "npm:^4.0.5"
  peerDependencies:
    "@types/node": ">=18"
  peerDependenciesMeta:
    "@types/node":
      optional: true
  checksum: 10c0/e1399196f01ff5fadc1d3e1bc6946a4f53a5753ccf8e39b2f11f1dae5c51fdb85e33ef44760d83c5b58dacc442de603f32e9c991b2e5f2f8a2a451ff62e1fe48
  languageName: node
  linkType: hard

"@inquirer/prompts@npm:^8.4.2":
  version: 8.4.2
  resolution: "@inquirer/prompts@npm:8.4.2"
  dependencies:
    "@inquirer/checkbox": "npm:^5.1.4"
    "@inquirer/confirm": "npm:^6.0.12"
    "@inquirer/editor": "npm:^5.1.1"
    "@inquirer/expand": "npm:^5.0.13"
    "@inquirer/input": "npm:^5.0.12"
    "@inquirer/number": "npm:^4.0.12"
    "@inquirer/password": "npm:^5.0.12"
    "@inquirer/rawlist": "npm:^5.2.8"
    "@inquirer/search": "npm:^4.1.8"
    "@inquirer/select": "npm:^5.1.4"
  peerDependencies:
    "@types/node": ">=18"
  peerDependenciesMeta:
    "@types/node":
      optional: true
  checksum: 10c0/0519d6a52e195e24b03949afda1ad7fc2ae752c72a7ba554d4bdbbac844fd47dc83d79e67f732c6bf3c56a407e3171b92bd3b0dc334fd35eea446a889d1100f7
  languageName: node
  linkType: hard

"@inquirer/rawlist@npm:^5.2.8":
  version: 5.2.8
  resolution: "@inquirer/rawlist@npm:5.2.8"
  dependencies:
    "@inquirer/core": "npm:^11.1.9"
    "@inquirer/type": "npm:^4.0.5"
  peerDependencies:
    "@types/node": ">=18"
  peerDependenciesMeta:
    "@types/node":
      optional: true
  checksum: 10c0/35b0a9e29972342669365af70ea8feebc4e13ce688ce53c1fae723cbd02a7082294553eeb49ee443f5e993c1a97be31fcbe366f7cb573c075557316717792527
  languageName: node
  linkType: hard

"@inquirer/search@npm:^4.1.8":
  version: 4.1.8
  resolution: "@inquirer/search@npm:4.1.8"
  dependencies:
    "@inquirer/core": "npm:^11.1.9"
    "@inquirer/figures": "npm:^2.0.5"
    "@inquirer/type": "npm:^4.0.5"
  peerDependencies:
    "@types/node": ">=18"
  peerDependenciesMeta:
    "@types/node":
      optional: true
  checksum: 10c0/7281c59e8953aa4663c5afe3d6a3b558ec3e97867569f29dcc0a67e89ff05b37f374ac34ebc7356a7137f76a5172d52c60469cadcc323cc733b4d635b5cf3334
  languageName: node
  linkType: hard

"@inquirer/select@npm:^5.1.4":
  version: 5.1.4
  resolution: "@inquirer/select@npm:5.1.4"
  dependencies:
    "@inquirer/ansi": "npm:^2.0.5"
    "@inquirer/core": "npm:^11.1.9"
    "@inquirer/figures": "npm:^2.0.5"
    "@inquirer/type": "npm:^4.0.5"
  peerDependencies:
    "@types/node": ">=18"
  peerDependenciesMeta:
    "@types/node":
      optional: true
  checksum: 10c0/30b6b061acd08f3f4cfde08a626446d308271e32569acec03f8c87a17e04c21aeccbecf354c8b254a2decfbe7d2189d8ae4443bf10d0be4a2aedeb4e850574c2
  languageName: node
  linkType: hard

"@inquirer/type@npm:^4.0.5":
  version: 4.0.5
  resolution: "@inquirer/type@npm:4.0.5"
  peerDependencies:
    "@types/node": ">=18"
  peerDependenciesMeta:
    "@types/node":
      optional: true
  checksum: 10c0/390edb0fd1f027f9c8dc26bac28486d38bbde6c19974ef1588ea187f54a2cb58db639ebca31fa81a8fe4a4e84c2f0953ab3f5a6768ba86649368c5e806148a6f
  languageName: node
  linkType: hard

"@types/node@npm:^24.12.2":
  version: 24.12.2
  resolution: "@types/node@npm:24.12.2"
  dependencies:
    undici-types: "npm:~7.16.0"
  checksum: 10c0/710050c42f89075c4479e4e1e4c2532486b0c41b1e2a8a13ad88641c88b88cdaea87414e19224f30028719737bd70e327edcaa184d50e86b9418941edd7eb02b
  languageName: node
  linkType: hard

"chardet@npm:^2.1.1":
  version: 2.1.1
  resolution: "chardet@npm:2.1.1"
  checksum: 10c0/d8391dd412338442b3de0d3a488aa9327f8bcf74b62b8723d6bd0b85c4084d50b731320e0a7c710edb1d44de75969995d2784b80e4c13b004a6c7a0db4c6e793
  languageName: node
  linkType: hard

"cli-width@npm:^4.1.0":
  version: 4.1.0
  resolution: "cli-width@npm:4.1.0"
  checksum: 10c0/1fbd56413578f6117abcaf858903ba1f4ad78370a4032f916745fa2c7e390183a9d9029cf837df320b0fdce8137668e522f60a30a5f3d6529ff3872d265a955f
  languageName: node
  linkType: hard

"fast-string-truncated-width@npm:^3.0.2":
  version: 3.0.3
  resolution: "fast-string-truncated-width@npm:3.0.3"
  checksum: 10c0/043b8663397d14a3880ce4f3407bcda60b40db9bbeafe62863a35d1f9c69ea17c8da3fcd72de235553e6c9cd053128cde9e24ca0d4a7463208f48db3cd23d981
  languageName: node
  linkType: hard

"fast-string-width@npm:^3.0.2":
  version: 3.0.2
  resolution: "fast-string-width@npm:3.0.2"
  dependencies:
    fast-string-truncated-width: "npm:^3.0.2"
  checksum: 10c0/c8822d175315bb353ebe782b65214ac53b13e3bf704e03b132ea7bdfa8de6a636375b3ab7a4097545393d109381c37c4f387c72a462c90b61412dbc4632f39a7
  languageName: node
  linkType: hard

"fast-wrap-ansi@npm:^0.2.0":
  version: 0.2.0
  resolution: "fast-wrap-ansi@npm:0.2.0"
  dependencies:
    fast-string-width: "npm:^3.0.2"
  checksum: 10c0/c0eb6debee565c5dbb9132dddff5c4d4aba5eb02185ae4dab285acd6186018cffca04264e92f373cbf592a9bcd1c33d65dba036030a8f3baeff1169969a1b59b
  languageName: node
  linkType: hard

"iconv-lite@npm:^0.7.2":
  version: 0.7.2
  resolution: "iconv-lite@npm:0.7.2"
  dependencies:
    safer-buffer: "npm:>= 2.1.2 < 3.0.0"
  checksum: 10c0/3c228920f3bd307f56bf8363706a776f4a060eb042f131cd23855ceca962951b264d0997ab38a1ad340e1c5df8499ed26e1f4f0db6b2a2ad9befaff22f14b722
  languageName: node
  linkType: hard

"mute-stream@npm:^3.0.0":
  version: 3.0.0
  resolution: "mute-stream@npm:3.0.0"
  checksum: 10c0/12cdb36a101694c7a6b296632e6d93a30b74401873cf7507c88861441a090c71c77a58f213acadad03bc0c8fa186639dec99d68a14497773a8744320c136e701
  languageName: node
  linkType: hard

"safer-buffer@npm:>= 2.1.2 < 3.0.0":
  version: 2.1.2
  resolution: "safer-buffer@npm:2.1.2"
  checksum: 10c0/7e3c8b2e88a1841c9671094bbaeebd94448111dd90a81a1f606f3f67708a6ec57763b3b47f06da09fc6054193e0e6709e77325415dc8422b04497a8070fa02d4
  languageName: node
  linkType: hard

"semver@npm:^7.7.4":
  version: 7.7.4
  resolution: "semver@npm:7.7.4"
  bin:
    semver: bin/semver.js
  checksum: 10c0/5215ad0234e2845d4ea5bb9d836d42b03499546ddafb12075566899fc617f68794bb6f146076b6881d755de17d6c6cc73372555879ec7dce2c2feee947866ad2
  languageName: node
  linkType: hard

"signal-exit@npm:^4.1.0":
  version: 4.1.0
  resolution: "signal-exit@npm:4.1.0"
  checksum: 10c0/41602dce540e46d599edba9d9860193398d135f7ff72cab629db5171516cfae628d21e7bfccde1bbfdf11c48726bc2a6d1a8fb8701125852fbfda7cf19c6aa83
  languageName: node
  linkType: hard

"undici-types@npm:~7.16.0":
  version: 7.16.0
  resolution: "undici-types@npm:7.16.0"
  checksum: 10c0/3033e2f2b5c9f1504bdc5934646cb54e37ecaca0f9249c983f7b1fc2e87c6d18399ebb05dc7fd5419e02b2e915f734d872a65da2e3eeed1813951c427d33cc9a
  languageName: node
  linkType: hard

"update-prompt@workspace:.":
  version: 0.0.0-use.local
  resolution: "update-prompt@workspace:."
  dependencies:
    "@inquirer/prompts": "npm:^8.4.2"
    "@types/node": "npm:^24.12.2"
    semver: "npm:^7.7.4"
  languageName: unknown
  linkType: soft
